# THIS IS AN AUTOGENERATED FILE. DO NOT EDIT THIS FILE DIRECTLY.
# yarn lockfile v1


"@faker-js/faker@^10.5.0":
  version "10.5.0"
  resolved "https://registry.yarnpkg.com/@faker-js/faker/-/faker-10.5.0.tgz#d2f6a8c7f08d087ac5f077d6babd0821edf24c03"
  integrity sha512-bsxD8WLS5lIj7aaoCx1YJkktqYj5vlBUE6HWzu2Q51ksrGJ0H737ECCKlFU7Yf8Br45z9t99frBp/J7kzbMPAg==
